
Microsoft Visual Studio Solution File, Format Version 12.00
# Visual Studio Version 17
VisualStudioVersion = 17.8.34330.188
MinimumVisualStudioVersion = 10.0.40219.1
Project("{FAE04EC0-301F-11D3-BF4B-00C04F79EFBC}") = "projemmvc", "projemmvc\projemmvc.csproj", "{E750FA46-6B18-46CC-AD28-581CFD450440}"
EndProject
Global
	GlobalSection(SolutionConfigurationPlatforms) = preSolution
		Debug|Any CPU = Debug|Any CPU
		Release|Any CPU = Release|Any CPU
	EndGlobalSection
	GlobalSection(ProjectConfigurationPlatforms) = postSolution
		{E750FA46-6B18-46CC-AD28-581CFD450440}.Debug|Any CPU.ActiveCfg = Debug|Any CPU
		{E750FA46-6B18-46CC-AD28-581CFD450440}.Debug|Any CPU.Build.0 = Debug|Any CPU
		{E750FA46-6B18-46CC-AD28-581CFD450440}.Release|Any CPU.ActiveCfg = Release|Any CPU
		{E750FA46-6B18-46CC-AD28-581CFD450440}.Release|Any CPU.Build.0 = Release|Any CPU
	EndGlobalSection
	GlobalSection(SolutionProperties) = preSolution
		HideSolutionNode = FALSE
	EndGlobalSection
	GlobalSection(ExtensibilityGlobals) = postSolution
		SolutionGuid = {7A3A6E6C-7BE4-4427-A1CF-87505AEFE4D0}
	EndGlobalSection
EndGlobal
